Microsoft Visual Studio Solution File, Format Version 12.00
# Visual Studio Version 17
VisualStudioVersion = 17.5.2.0
MinimumVisualStudioVersion = 10.0.40219.1
Project("{FAE04EC0-301F-11D3-BF4B-00C04F79EFBC}") = "Ordenados", "Ordenados.csproj", "{BEDC7BB1-FAC3-FC5D-27CF-0B6730BBB15C}"
EndProject
Global
	GlobalSection(SolutionConfigurationPlatforms) = preSolution
		Debug|Any CPU = Debug|Any CPU
		Release|Any CPU = Release|Any CPU
	EndGlobalSection
	GlobalSection(ProjectConfigurationPlatforms) = postSolution
		{BEDC7BB1-FAC3-FC5D-27CF-0B6730BBB15C}.Debug|Any CPU.ActiveCfg = Debug|Any CPU
		{BEDC7BB1-FAC3-FC5D-27CF-0B6730BBB15C}.Debug|Any CPU.Build.0 = Debug|Any CPU
		{BEDC7BB1-FAC3-FC5D-27CF-0B6730BBB15C}.Release|Any CPU.ActiveCfg = Release|Any CPU
		{BEDC7BB1-FAC3-FC5D-27CF-0B6730BBB15C}.Release|Any CPU.Build.0 = Release|Any CPU
	EndGlobalSection
	GlobalSection(SolutionProperties) = preSolution
		HideSolutionNode = FALSE
	EndGlobalSection
	GlobalSection(ExtensibilityGlobals) = postSolution
		SolutionGuid = {8D55D820-94D0-4205-9D80-0201399B2327}
	EndGlobalSection
EndGlobal
