Microsoft Visual Studio Solution File, Format Version 12.00
# Visual Studio Version 17
VisualStudioVersion = 17.5.2.0
MinimumVisualStudioVersion = 10.0.40219.1
Project("{FAE04EC0-301F-11D3-BF4B-00C04F79EFBC}") = "VectorInfo", "VectorInfo.csproj", "{0035D1B5-58A7-1C0D-6BD9-94BBA9FB424B}"
EndProject
Global
	GlobalSection(SolutionConfigurationPlatforms) = preSolution
		Debug|Any CPU = Debug|Any CPU
		Release|Any CPU = Release|Any CPU
	EndGlobalSection
	GlobalSection(ProjectConfigurationPlatforms) = postSolution
		{0035D1B5-58A7-1C0D-6BD9-94BBA9FB424B}.Debug|Any CPU.ActiveCfg = Debug|Any CPU
		{0035D1B5-58A7-1C0D-6BD9-94BBA9FB424B}.Debug|Any CPU.Build.0 = Debug|Any CPU
		{0035D1B5-58A7-1C0D-6BD9-94BBA9FB424B}.Release|Any CPU.ActiveCfg = Release|Any CPU
		{0035D1B5-58A7-1C0D-6BD9-94BBA9FB424B}.Release|Any CPU.Build.0 = Release|Any CPU
	EndGlobalSection
	GlobalSection(SolutionProperties) = preSolution
		HideSolutionNode = FALSE
	EndGlobalSection
	GlobalSection(ExtensibilityGlobals) = postSolution
		SolutionGuid = {838FFA92-EFF3-430F-81BD-3940DE11F6D9}
	EndGlobalSection
EndGlobal
